
Microsoft Visual Studio Solution File, Format Version 12.00
# Visual Studio Version 17
VisualStudioVersion = 17.3.32922.545
MinimumVisualStudioVersion = 10.0.40219.1
Project("{FAE04EC0-301F-11D3-BF4B-00C04F79EFBC}") = "MovieManager", "MovieManager\MovieManager.csproj", "{3A68B825-5D89-48A3-B128-36DC2C51025E}"
EndProject
Global
	GlobalSection(SolutionConfigurationPlatforms) = preSolution
		Debug|Any CPU = Debug|Any CPU
		Release|Any CPU = Release|Any CPU
	EndGlobalSection
	GlobalSection(ProjectConfigurationPlatforms) = postSolution
		{3A68B825-5D89-48A3-B128-36DC2C51025E}.Debug|Any CPU.ActiveCfg = Debug|Any CPU
		{3A68B825-5D89-48A3-B128-36DC2C51025E}.Debug|Any CPU.Build.0 = Debug|Any CPU
		{3A68B825-5D89-48A3-B128-36DC2C51025E}.Release|Any CPU.ActiveCfg = Release|Any CPU
		{3A68B825-5D89-48A3-B128-36DC2C51025E}.Release|Any CPU.Build.0 = Release|Any CPU
	EndGlobalSection
	GlobalSection(SolutionProperties) = preSolution
		HideSolutionNode = FALSE
	EndGlobalSection
	GlobalSection(ExtensibilityGlobals) = postSolution
		SolutionGuid = {42AE0B21-08C3-4E60-A616-E7B481A83AE0}
	EndGlobalSection
EndGlobal
